# THIS IS AN AUTOGENERATED FILE. DO NOT EDIT THIS FILE DIRECTLY.
# yarn lockfile v1


bulma@^0.7.0:
  version "0.7.2"
  resolved "https://registry.yarnpkg.com/bulma/-/bulma-0.7.2.tgz#8e944377b74c7926558830d38d8e19eaf49f5fb6"
  integrity sha512-6JHEu8U/1xsyOst/El5ImLcZIiE2JFXgvrz8GGWbnDLwTNRPJzdAM0aoUM1Ns0avALcVb6KZz9NhzmU53dGDcQ==

chart.js@^2.7.3:
  version "2.7.3"
  resolved "https://registry.yarnpkg.com/chart.js/-/chart.js-2.7.3.tgz#cdb61618830bf216dc887e2f7b1b3c228b73c57e"
  integrity sha512-3+7k/DbR92m6BsMUYP6M0dMsMVZpMnwkUyNSAbqolHKsbIzH2Q4LWVEHHYq7v0fmEV8whXE0DrjANulw9j2K5g==
  dependencies:
    chartjs-color "^2.1.0"
    moment "^2.10.2"

chartjs-color-string@^0.5.0:
  version "0.5.0"
  resolved "https://registry.yarnpkg.com/chartjs-color-string/-/chartjs-color-string-0.5.0.tgz#8d3752d8581d86687c35bfe2cb80ac5213ceb8c1"
  integrity sha512-amWNvCOXlOUYxZVDSa0YOab5K/lmEhbFNKI55PWc4mlv28BDzA7zaoQTGxSBgJMHIW+hGX8YUrvw/FH4LyhwSQ==
  dependencies:
    color-name "^1.0.0"

chartjs-color@^2.1.0:
  version "2.2.0"
  resolved "https://registry.yarnpkg.com/chartjs-color/-/chartjs-color-2.2.0.tgz#84a2fb755787ed85c39dd6dd8c7b1d88429baeae"
  integrity sha1-hKL7dVeH7YXDndbdjHsdiEKbrq4=
  dependencies:
    chartjs-color-string "^0.5.0"
    color-convert "^0.5.3"

color-convert@^0.5.3:
  version "0.5.3"
  resolved "https://registry.yarnpkg.com/color-convert/-/color-convert-0.5.3.tgz#bdb6c69ce660fadffe0b0007cc447e1b9f7282bd"
  integrity sha1-vbbGnOZg+t/+CwAHzER+G59ygr0=

color-name@^1.0.0:
  version "1.1.4"
  resolved "https://registry.yarnpkg.com/color-name/-/color-name-1.1.4.tgz#c2a09a87acbde69543de6f63fa3995c826c536a2"
  integrity sha512-dOy+3AuW3a2wNbZHIuMZpTcgjGuLU/uBL/ubcZF9OXbDo8ff4O8yVp5Bf0efS8uEoYo5q4Fx7dY9OgQGXgAsQA==

headroom.js@^0.9.4:
  version "0.9.4"
  resolved "https://registry.yarnpkg.com/headroom.js/-/headroom.js-0.9.4.tgz#0c4e6b4563bb69df55aecdefaba3227566f2df5a"
  integrity sha1-DE5rRWO7ad9Vrs3vq6MidWby31o=

moment@^2.10.2:
  version "2.23.0"
  resolved "https://registry.yarnpkg.com/moment/-/moment-2.23.0.tgz#759ea491ac97d54bac5ad776996e2a58cc1bc225"
  integrity sha512-3IE39bHVqFbWWaPOMHZF98Q9c3LDKGTmypMiTM2QygGXXElkFWIH7GxfmlwmY2vwa+wmNsoYZmG2iusf1ZjJoA==
